// !$*UTF8*$!
{
	archiveVersion = 1;
	classes = {
	};
	objectVersion = 50;
	objects = {

/* Begin PBXBuildFile section */
		6D027E74230FAF7B00A9B412 /* AppDelegate.swift in Sources */ = {isa = PBXBuildFile; fileRef = 6D027E73230FAF7B00A9B412 /* AppDelegate.swift */; };
		6D027E76230FAF7B00A9B412 /* ViewController.swift in Sources */ = {isa = PBXBuildFile; fileRef = 6D027E75230FAF7B00A9B412 /* ViewController.swift */; };
		6D027E79230FAF7B00A9B412 /* Main.storyboard in Resources */ = {isa = PBXBuildFile; fileRef = 6D027E77230FAF7B00A9B412 /* Main.storyboard */; };
		6D027E7B230FAF7C00A9B412 /* Assets.xcassets in Resources */ = {isa = PBXBuildFile; fileRef = 6D027E7A230FAF7C00A9B412 /* Assets.xcassets */; };
		6D027E7E230FAF7C00A9B412 /* LaunchScreen.storyboard in Resources */ = {isa = PBXBuildFile; fileRef = 6D027E7C230FAF7C00A9B412 /* LaunchScreen.storyboard */; };
		6D027E89230FAF7C00A9B412 /* jr_iosTests.swift in Sources */ = {isa = PBXBuildFile; fileRef = 6D027E88230FAF7C00A9B412 /* jr_iosTests.swift */; };
		6D027E94230FAF7C00A9B412 /* jr_iosUITests.swift in Sources */ = {isa = PBXBuildFile; fileRef = 6D027E93230FAF7C00A9B412 /* jr_iosUITests.swift */; };
		6D03240B231F99A500531279 /* Language.swift in Sources */ = {isa = PBXBuildFile; fileRef = 6D03240A231F99A500531279 /* Language.swift */; };
		6D0324212325C53E00531279 /* LocalizedJapanese.strings in Resources */ = {isa = PBXBuildFile; fileRef = 6D0324202325C53E00531279 /* LocalizedJapanese.strings */; };
		6D0324232325C64900531279 /* LocalizedEnglish.strings in Resources */ = {isa = PBXBuildFile; fileRef = 6D0324222325C64900531279 /* LocalizedEnglish.strings */; };
		6D0324252325C65700531279 /* LocalizedChinese.strings in Resources */ = {isa = PBXBuildFile; fileRef = 6D0324242325C65700531279 /* LocalizedChinese.strings */; };
		6D0324272325C66000531279 /* LocalizedKorean.strings in Resources */ = {isa = PBXBuildFile; fileRef = 6D0324262325C66000531279 /* LocalizedKorean.strings */; };
		6D03242923262BAA00531279 /* EmergencyViewController.swift in Sources */ = {isa = PBXBuildFile; fileRef = 6D03242823262BAA00531279 /* EmergencyViewController.swift */; };
		6D9B5355231CE84600FC2D54 /* PathTableViewController.swift in Sources */ = {isa = PBXBuildFile; fileRef = 6D9B5354231CE84600FC2D54 /* PathTableViewController.swift */; };
		6D9B5357231CE89A00FC2D54 /* PathTableViewCell.swift in Sources */ = {isa = PBXBuildFile; fileRef = 6D9B5356231CE89A00FC2D54 /* PathTableViewCell.swift */; };
		6DEF880C230FDA1100D5FF9A /* Destination.swift in Sources */ = {isa = PBXBuildFile; fileRef = 6DEF880B230FDA1100D5FF9A /* Destination.swift */; };
		6DEF880E230FDFD000D5FF9A /* DestinationTableViewCell.swift in Sources */ = {isa = PBXBuildFile; fileRef = 6DEF880D230FDFD000D5FF9A /* DestinationTableViewCell.swift */; };
		6DEF88102310A12500D5FF9A /* DestinationTableViewController.swift in Sources */ = {isa = PBXBuildFile; fileRef = 6DEF880F2310A12500D5FF9A /* DestinationTableViewController.swift */; };
		6DEF88122310B5D100D5FF9A /* Api.swift in Sources */ = {isa = PBXBuildFile; fileRef = 6DEF88112310B5D100D5FF9A /* Api.swift */; };
		6DEF88142318C1F900D5FF9A /* NavigationController.swift in Sources */ = {isa = PBXBuildFile; fileRef = 6DEF88132318C1F900D5FF9A /* NavigationController.swift */; };
		6DEF88162318C76800D5FF9A /* IconPageController.swift in Sources */ = {isa = PBXBuildFile; fileRef = 6DEF88152318C76800D5FF9A /* IconPageController.swift */; };
		6DEF88182319ECD000D5FF9A /* DebugScreenViewController.swift in Sources */ = {isa = PBXBuildFile; fileRef = 6DEF88172319ECD000D5FF9A /* DebugScreenViewController.swift */; };
/* End PBXBuildFile section */

/* Begin PBXContainerItemProxy section */
		6D027E85230FAF7C00A9B412 /* PBXContainerItemProxy */ = {
			isa = PBXContainerItemProxy;
			containerPortal = 6D027E68230FAF7B00A9B412 /* Project object */;
			proxyType = 1;
			remoteGlobalIDString = 6D027E6F230FAF7B00A9B412;
			remoteInfo = "jr-ios";
		};
		6D027E90230FAF7C00A9B412 /* PBXContainerItemProxy */ = {
			isa = PBXContainerItemProxy;
			containerPortal = 6D027E68230FAF7B00A9B412 /* Project object */;
			proxyType = 1;
			remoteGlobalIDString = 6D027E6F230FAF7B00A9B412;
			remoteInfo = "jr-ios";
		};
/* End PBXContainerItemProxy section */

/* Begin PBXFileReference section */
		6D027E70230FAF7B00A9B412 /* jr-ios.app */ = {isa = PBXFileReference; explicitFileType = wrapper.application; includeInIndex = 0; path = "jr-ios.app"; sourceTree = BUILT_PRODUCTS_DIR; };
		6D027E73230FAF7B00A9B412 /* AppDelegate.swift */ = {isa = PBXFileReference; lastKnownFileType = sourcecode.swift; path = AppDelegate.swift; sourceTree = "<group>"; };
		6D027E75230FAF7B00A9B412 /* ViewController.swift */ = {isa = PBXFileReference; lastKnownFileType = sourcecode.swift; path = ViewController.swift; sourceTree = "<group>"; };
		6D027E78230FAF7B00A9B412 /* Base */ = {isa = PBXFileReference; lastKnownFileType = file.storyboard; name = Base; path = Base.lproj/Main.storyboard; sourceTree = "<group>"; };
		6D027E7A230FAF7C00A9B412 /* Assets.xcassets */ = {isa = PBXFileReference; lastKnownFileType = folder.assetcatalog; path = Assets.xcassets; sourceTree = "<group>"; };
		6D027E7D230FAF7C00A9B412 /* Base */ = {isa = PBXFileReference; lastKnownFileType = file.storyboard; name = Base; path = Base.lproj/LaunchScreen.storyboard; sourceTree = "<group>"; };
		6D027E7F230FAF7C00A9B412 /* Info.plist */ = {isa = PBXFileReference; lastKnownFileType = text.plist.xml; path = Info.plist; sourceTree = "<group>"; };
		6D027E84230FAF7C00A9B412 /* jr-iosTests.xctest */ = {isa = PBXFileReference; explicitFileType = wrapper.cfbundle; includeInIndex = 0; path = "jr-iosTests.xctest"; sourceTree = BUILT_PRODUCTS_DIR; };
		6D027E88230FAF7C00A9B412 /* jr_iosTests.swift */ = {isa = PBXFileReference; lastKnownFileType = sourcecode.swift; path = jr_iosTests.swift; sourceTree = "<group>"; };
		6D027E8A230FAF7C00A9B412 /* Info.plist */ = {isa = PBXFileReference; lastKnownFileType = text.plist.xml; path = Info.plist; sourceTree = "<group>"; };
		6D027E8F230FAF7C00A9B412 /* jr-iosUITests.xctest */ = {isa = PBXFileReference; explicitFileType = wrapper.cfbundle; includeInIndex = 0; path = "jr-iosUITests.xctest"; sourceTree = BUILT_PRODUCTS_DIR; };
		6D027E93230FAF7C00A9B412 /* jr_iosUITests.swift */ = {isa = PBXFileReference; lastKnownFileType = sourcecode.swift; path = jr_iosUITests.swift; sourceTree = "<group>"; };
		6D027E95230FAF7C00A9B412 /* Info.plist */ = {isa = PBXFileReference; lastKnownFileType = text.plist.xml; path = Info.plist; sourceTree = "<group>"; };
		6D03240A231F99A500531279 /* Language.swift */ = {isa = PBXFileReference; lastKnownFileType = sourcecode.swift; path = Language.swift; sourceTree = "<group>"; };
		6D0324202325C53E00531279 /* LocalizedJapanese.strings */ = {isa = PBXFileReference; lastKnownFileType = text.plist.strings; path = LocalizedJapanese.strings; sourceTree = "<group>"; };
		6D0324222325C64900531279 /* LocalizedEnglish.strings */ = {isa = PBXFileReference; lastKnownFileType = text.plist.strings; path = LocalizedEnglish.strings; sourceTree = "<group>"; };
		6D0324242325C65700531279 /* LocalizedChinese.strings */ = {isa = PBXFileReference; lastKnownFileType = text.plist.strings; path = LocalizedChinese.strings; sourceTree = "<group>"; };
		6D0324262325C66000531279 /* LocalizedKorean.strings */ = {isa = PBXFileReference; lastKnownFileType = text.plist.strings; path = LocalizedKorean.strings; sourceTree = "<group>"; };
		6D03242823262BAA00531279 /* EmergencyViewController.swift */ = {isa = PBXFileReference; lastKnownFileType = sourcecode.swift; path = EmergencyViewController.swift; sourceTree = "<group>"; };
		6D9B5354231CE84600FC2D54 /* PathTableViewController.swift */ = {isa = PBXFileReference; lastKnownFileType = sourcecode.swift; path = PathTableViewController.swift; sourceTree = "<group>"; };
		6D9B5356231CE89A00FC2D54 /* PathTableViewCell.swift */ = {isa = PBXFileReference; lastKnownFileType = sourcecode.swift; path = PathTableViewCell.swift; sourceTree = "<group>"; };
		6DEF880B230FDA1100D5FF9A /* Destination.swift */ = {isa = PBXFileReference; lastKnownFileType = sourcecode.swift; path = Destination.swift; sourceTree = "<group>"; };
		6DEF880D230FDFD000D5FF9A /* DestinationTableViewCell.swift */ = {isa = PBXFileReference; lastKnownFileType = sourcecode.swift; path = DestinationTableViewCell.swift; sourceTree = "<group>"; };
		6DEF880F2310A12500D5FF9A /* DestinationTableViewController.swift */ = {isa = PBXFileReference; lastKnownFileType = sourcecode.swift; path = DestinationTableViewController.swift; sourceTree = "<group>"; };
		6DEF88112310B5D100D5FF9A /* Api.swift */ = {isa = PBXFileReference; lastKnownFileType = sourcecode.swift; path = Api.swift; sourceTree = "<group>"; };
		6DEF88132318C1F900D5FF9A /* NavigationController.swift */ = {isa = PBXFileReference; lastKnownFileType = sourcecode.swift; path = NavigationController.swift; sourceTree = "<group>"; };
		6DEF88152318C76800D5FF9A /* IconPageController.swift */ = {isa = PBXFileReference; lastKnownFileType = sourcecode.swift; path = IconPageController.swift; sourceTree = "<group>"; };
		6DEF88172319ECD000D5FF9A /* DebugScreenViewController.swift */ = {isa = PBXFileReference; lastKnownFileType = sourcecode.swift; path = DebugScreenViewController.swift; sourceTree = "<group>"; };
/* End PBXFileReference section */

/* Begin PBXFrameworksBuildPhase section */
		6D027E6D230FAF7B00A9B412 /* Frameworks */ = {
			isa = PBXFrameworksBuildPhase;
			buildActionMask = 2147483647;
			files = (
			);
			runOnlyForDeploymentPostprocessing = 0;
		};
		6D027E81230FAF7C00A9B412 /* Frameworks */ = {
			isa = PBXFrameworksBuildPhase;
			buildActionMask = 2147483647;
			files = (
			);
			runOnlyForDeploymentPostprocessing = 0;
		};
		6D027E8C230FAF7C00A9B412 /* Frameworks */ = {
			isa = PBXFrameworksBuildPhase;
			buildActionMask = 2147483647;
			files = (
			);
			runOnlyForDeploymentPostprocessing = 0;
		};
/* End PBXFrameworksBuildPhase section */

/* Begin PBXGroup section */
		6D027E67230FAF7B00A9B412 = {
			isa = PBXGroup;
			children = (
				6D027E72230FAF7B00A9B412 /* jr-ios */,
				6D027E87230FAF7C00A9B412 /* jr-iosTests */,
				6D027E92230FAF7C00A9B412 /* jr-iosUITests */,
				6D027E71230FAF7B00A9B412 /* Products */,
			);
			sourceTree = "<group>";
		};
		6D027E71230FAF7B00A9B412 /* Products */ = {
			isa = PBXGroup;
			children = (
				6D027E70230FAF7B00A9B412 /* jr-ios.app */,
				6D027E84230FAF7C00A9B412 /* jr-iosTests.xctest */,
				6D027E8F230FAF7C00A9B412 /* jr-iosUITests.xctest */,
			);
			name = Products;
			sourceTree = "<group>";
		};
		6D027E72230FAF7B00A9B412 /* jr-ios */ = {
			isa = PBXGroup;
			children = (
				6DEF88112310B5D100D5FF9A /* Api.swift */,
				6D027E73230FAF7B00A9B412 /* AppDelegate.swift */,
				6DEF88172319ECD000D5FF9A /* DebugScreenViewController.swift */,
				6DEF880D230FDFD000D5FF9A /* DestinationTableViewCell.swift */,
				6D03240A231F99A500531279 /* Language.swift */,
				6DEF880F2310A12500D5FF9A /* DestinationTableViewController.swift */,
				6DEF880B230FDA1100D5FF9A /* Destination.swift */,
				6DEF88152318C76800D5FF9A /* IconPageController.swift */,
				6D0324222325C64900531279 /* LocalizedEnglish.strings */,
				6D0324242325C65700531279 /* LocalizedChinese.strings */,
				6D0324262325C66000531279 /* LocalizedKorean.strings */,
				6D0324202325C53E00531279 /* LocalizedJapanese.strings */,
				6D027E77230FAF7B00A9B412 /* Main.storyboard */,
				6D03242823262BAA00531279 /* EmergencyViewController.swift */,
				6DEF88132318C1F900D5FF9A /* NavigationController.swift */,
				6D9B5354231CE84600FC2D54 /* PathTableViewController.swift */,
				6D9B5356231CE89A00FC2D54 /* PathTableViewCell.swift */,
				6D027E75230FAF7B00A9B412 /* ViewController.swift */,
				6D027E7A230FAF7C00A9B412 /* Assets.xcassets */,
				6D027E7C230FAF7C00A9B412 /* LaunchScreen.storyboard */,
				6D027E7F230FAF7C00A9B412 /* Info.plist */,
			);
			path = "jr-ios";
			sourceTree = "<group>";
		};
		6D027E87230FAF7C00A9B412 /* jr-iosTests */ = {
			isa = PBXGroup;
			children = (
				6D027E88230FAF7C00A9B412 /* jr_iosTests.swift */,
				6D027E8A230FAF7C00A9B412 /* Info.plist */,
			);
			path = "jr-iosTests";
			sourceTree = "<group>";
		};
		6D027E92230FAF7C00A9B412 /* jr-iosUITests */ = {
			isa = PBXGroup;
			children = (
				6D027E93230FAF7C00A9B412 /* jr_iosUITests.swift */,
				6D027E95230FAF7C00A9B412 /* Info.plist */,
			);
			path = "jr-iosUITests";
			sourceTree = "<group>";
		};
/* End PBXGroup section */

/* Begin PBXNativeTarget section */
		6D027E6F230FAF7B00A9B412 /* jr-ios */ = {
			isa = PBXNativeTarget;
			buildConfigurationList = 6D027E98230FAF7C00A9B412 /* Build configuration list for PBXNativeTarget "jr-ios" */;
			buildPhases = (
				6D027E6C230FAF7B00A9B412 /* Sources */,
				6D027E6D230FAF7B00A9B412 /* Frameworks */,
				6D027E6E230FAF7B00A9B412 /* Resources */,
			);
			buildRules = (
			);
			dependencies = (
			);
			name = "jr-ios";
			productName = "jr-ios";
			productReference = 6D027E70230FAF7B00A9B412 /* jr-ios.app */;
			productType = "com.apple.product-type.application";
		};
		6D027E83230FAF7C00A9B412 /* jr-iosTests */ = {
			isa = PBXNativeTarget;
			buildConfigurationList = 6D027E9B230FAF7C00A9B412 /* Build configuration list for PBXNativeTarget "jr-iosTests" */;
			buildPhases = (
				6D027E80230FAF7C00A9B412 /* Sources */,
				6D027E81230FAF7C00A9B412 /* Frameworks */,
				6D027E82230FAF7C00A9B412 /* Resources */,
			);
			buildRules = (
			);
			dependencies = (
				6D027E86230FAF7C00A9B412 /* PBXTargetDependency */,
			);
			name = "jr-iosTests";
			productName = "jr-iosTests";
			productReference = 6D027E84230FAF7C00A9B412 /* jr-iosTests.xctest */;
			productType = "com.apple.product-type.bundle.unit-test";
		};
		6D027E8E230FAF7C00A9B412 /* jr-iosUITests */ = {
			isa = PBXNativeTarget;
			buildConfigurationList = 6D027E9E230FAF7C00A9B412 /* Build configuration list for PBXNativeTarget "jr-iosUITests" */;
			buildPhases = (
				6D027E8B230FAF7C00A9B412 /* Sources */,
				6D027E8C230FAF7C00A9B412 /* Frameworks */,
				6D027E8D230FAF7C00A9B412 /* Resources */,
			);
			buildRules = (
			);
			dependencies = (
				6D027E91230FAF7C00A9B412 /* PBXTargetDependency */,
			);
			name = "jr-iosUITests";
			productName = "jr-iosUITests";
			productReference = 6D027E8F230FAF7C00A9B412 /* jr-iosUITests.xctest */;
			productType = "com.apple.product-type.bundle.ui-testing";
		};
/* End PBXNativeTarget section */

/* Begin PBXProject section */
		6D027E68230FAF7B00A9B412 /* Project object */ = {
			isa = PBXProject;
			attributes = {
				LastSwiftUpdateCheck = 1030;
				LastUpgradeCheck = 1030;
				ORGANIZATIONNAME = beacrew;
				TargetAttributes = {
					6D027E6F230FAF7B00A9B412 = {
						CreatedOnToolsVersion = 10.3;
					};
					6D027E83230FAF7C00A9B412 = {
						CreatedOnToolsVersion = 10.3;
						TestTargetID = 6D027E6F230FAF7B00A9B412;
					};
					6D027E8E230FAF7C00A9B412 = {
						CreatedOnToolsVersion = 10.3;
						TestTargetID = 6D027E6F230FAF7B00A9B412;
					};
				};
			};
			buildConfigurationList = 6D027E6B230FAF7B00A9B412 /* Build configuration list for PBXProject "jr-ios" */;
			compatibilityVersion = "Xcode 9.3";
			developmentRegion = en;
			hasScannedForEncodings = 0;
			knownRegions = (
				en,
				Base,
			);
			mainGroup = 6D027E67230FAF7B00A9B412;
			productRefGroup = 6D027E71230FAF7B00A9B412 /* Products */;
			projectDirPath = "";
			projectRoot = "";
			targets = (
				6D027E6F230FAF7B00A9B412 /* jr-ios */,
				6D027E83230FAF7C00A9B412 /* jr-iosTests */,
				6D027E8E230FAF7C00A9B412 /* jr-iosUITests */,
			);
		};
/* End PBXProject section */

/* Begin PBXResourcesBuildPhase section */
		6D027E6E230FAF7B00A9B412 /* Resources */ = {
			isa = PBXResourcesBuildPhase;
			buildActionMask = 2147483647;
			files = (
				6D027E7E230FAF7C00A9B412 /* LaunchScreen.storyboard in Resources */,
				6D027E7B230FAF7C00A9B412 /* Assets.xcassets in Resources */,
				6D0324272325C66000531279 /* LocalizedKorean.strings in Resources */,
				6D0324252325C65700531279 /* LocalizedChinese.strings in Resources */,
				6D027E79230FAF7B00A9B412 /* Main.storyboard in Resources */,
				6D0324232325C64900531279 /* LocalizedEnglish.strings in Resources */,
				6D0324212325C53E00531279 /* LocalizedJapanese.strings in Resources */,
			);
			runOnlyForDeploymentPostprocessing = 0;
		};
		6D027E82230FAF7C00A9B412 /* Resources */ = {
			isa = PBXResourcesBuildPhase;
			buildActionMask = 2147483647;
			files = (
			);
			runOnlyForDeploymentPostprocessing = 0;
		};
		6D027E8D230FAF7C00A9B412 /* Resources */ = {
			isa = PBXResourcesBuildPhase;
			buildActionMask = 2147483647;
			files = (
			);
			runOnlyForDeploymentPostprocessing = 0;
		};
/* End PBXResourcesBuildPhase section */

/* Begin PBXSourcesBuildPhase section */
		6D027E6C230FAF7B00A9B412 /* Sources */ = {
			isa = PBXSourcesBuildPhase;
			buildActionMask = 2147483647;
			files = (
				6D03242923262BAA00531279 /* EmergencyViewController.swift in Sources */,
				6DEF88122310B5D100D5FF9A /* Api.swift in Sources */,
				6D9B5357231CE89A00FC2D54 /* PathTableViewCell.swift in Sources */,
				6D027E76230FAF7B00A9B412 /* ViewController.swift in Sources */,
				6D027E74230FAF7B00A9B412 /* AppDelegate.swift in Sources */,
				6DEF880E230FDFD000D5FF9A /* DestinationTableViewCell.swift in Sources */,
				6DEF88182319ECD000D5FF9A /* DebugScreenViewController.swift in Sources */,
				6DEF880C230FDA1100D5FF9A /* Destination.swift in Sources */,
				6D9B5355231CE84600FC2D54 /* PathTableViewController.swift in Sources */,
				6DEF88162318C76800D5FF9A /* IconPageController.swift in Sources */,
				6D03240B231F99A500531279 /* Language.swift in Sources */,
				6DEF88142318C1F900D5FF9A /* NavigationController.swift in Sources */,
				6DEF88102310A12500D5FF9A /* DestinationTableViewController.swift in Sources */,
			);
			runOnlyForDeploymentPostprocessing = 0;
		};
		6D027E80230FAF7C00A9B412 /* Sources */ = {
			isa = PBXSourcesBuildPhase;
			buildActionMask = 2147483647;
			files = (
				6D027E89230FAF7C00A9B412 /* jr_iosTests.swift in Sources */,
			);
			runOnlyForDeploymentPostprocessing = 0;
		};
		6D027E8B230FAF7C00A9B412 /* Sources */ = {
			isa = PBXSourcesBuildPhase;
			buildActionMask = 2147483647;
			files = (
				6D027E94230FAF7C00A9B412 /* jr_iosUITests.swift in Sources */,
			);
			runOnlyForDeploymentPostprocessing = 0;
		};
/* End PBXSourcesBuildPhase section */

/* Begin PBXTargetDependency section */
		6D027E86230FAF7C00A9B412 /* PBXTargetDependency */ = {
			isa = PBXTargetDependency;
			target = 6D027E6F230FAF7B00A9B412 /* jr-ios */;
			targetProxy = 6D027E85230FAF7C00A9B412 /* PBXContainerItemProxy */;
		};
		6D027E91230FAF7C00A9B412 /* PBXTargetDependency */ = {
			isa = PBXTargetDependency;
			target = 6D027E6F230FAF7B00A9B412 /* jr-ios */;
			targetProxy = 6D027E90230FAF7C00A9B412 /* PBXContainerItemProxy */;
		};
/* End PBXTargetDependency section */

/* Begin PBXVariantGroup section */
		6D027E77230FAF7B00A9B412 /* Main.storyboard */ = {
			isa = PBXVariantGroup;
			children = (
				6D027E78230FAF7B00A9B412 /* Base */,
			);
			name = Main.storyboard;
			sourceTree = "<group>";
		};
		6D027E7C230FAF7C00A9B412 /* LaunchScreen.storyboard */ = {
			isa = PBXVariantGroup;
			children = (
				6D027E7D230FAF7C00A9B412 /* Base */,
			);
			name = LaunchScreen.storyboard;
			sourceTree = "<group>";
		};
/* End PBXVariantGroup section */

/* Begin XCBuildConfiguration section */
		6D027E96230FAF7C00A9B412 /* Debug */ = {
			isa = XCBuildConfiguration;
			buildSettings = {
				ALWAYS_SEARCH_USER_PATHS = NO;
				CLANG_ANALYZER_LOCALIZABILITY_NONLOCALIZED = YES;
				CLANG_ANALYZER_NONNULL = YES;
				CLANG_ANALYZER_NUMBER_OBJECT_CONVERSION = YES_AGGRESSIVE;
				CLANG_CXX_LANGUAGE_STANDARD = "gnu++14";
				CLANG_CXX_LIBRARY = "libc++";
				CLANG_ENABLE_MODULES = YES;
				CLANG_ENABLE_OBJC_ARC = YES;
				CLANG_ENABLE_OBJC_WEAK = YES;
				CLANG_WARN_BLOCK_CAPTURE_AUTORELEASING = YES;
				CLANG_WARN_BOOL_CONVERSION = YES;
				CLANG_WARN_COMMA = YES;
				CLANG_WARN_CONSTANT_CONVERSION = YES;
				CLANG_WARN_DEPRECATED_OBJC_IMPLEMENTATIONS = YES;
				CLANG_WARN_DIRECT_OBJC_ISA_USAGE = YES_ERROR;
				CLANG_WARN_DOCUMENTATION_COMMENTS = YES;
				CLANG_WARN_EMPTY_BODY = YES;
				CLANG_WARN_ENUM_CONVERSION = YES;
				CLANG_WARN_INFINITE_RECURSION = YES;
				CLANG_WARN_INT_CONVERSION = YES;
				CLANG_WARN_NON_LITERAL_NULL_CONVERSION = YES;
				CLANG_WARN_OBJC_IMPLICIT_RETAIN_SELF = YES;
				CLANG_WARN_OBJC_LITERAL_CONVERSION = YES;
				CLANG_WARN_OBJC_ROOT_CLASS = YES_ERROR;
				CLANG_WARN_RANGE_LOOP_ANALYSIS = YES;
				CLANG_WARN_STRICT_PROTOTYPES = YES;
				CLANG_WARN_SUSPICIOUS_MOVE = YES;
				CLANG_WARN_UNGUARDED_AVAILABILITY = YES_AGGRESSIVE;
				CLANG_WARN_UNREACHABLE_CODE = YES;
				CLANG_WARN__DUPLICATE_METHOD_MATCH = YES;
				CODE_SIGN_IDENTITY = "iPhone Developer";
				COPY_PHASE_STRIP = NO;
				DEBUG_INFORMATION_FORMAT = dwarf;
				ENABLE_STRICT_OBJC_MSGSEND = YES;
				ENABLE_TESTABILITY = YES;
				GCC_C_LANGUAGE_STANDARD = gnu11;
				GCC_DYNAMIC_NO_PIC = NO;
				GCC_NO_COMMON_BLOCKS = YES;
				GCC_OPTIMIZATION_LEVEL = 0;
				GCC_PREPROCESSOR_DEFINITIONS = (
					"DEBUG=1",
					"$(inherited)",
				);
				GCC_WARN_64_TO_32_BIT_CONVERSION = YES;
				GCC_WARN_ABOUT_RETURN_TYPE = YES_ERROR;
				GCC_WARN_UNDECLARED_SELECTOR = YES;
				GCC_WARN_UNINITIALIZED_AUTOS = YES_AGGRESSIVE;
				GCC_WARN_UNUSED_FUNCTION = YES;
				GCC_WARN_UNUSED_VARIABLE = YES;
				IPHONEOS_DEPLOYMENT_TARGET = 12.1;
				MTL_ENABLE_DEBUG_INFO = INCLUDE_SOURCE;
				MTL_FAST_MATH = YES;
				ONLY_ACTIVE_ARCH = YES;
				SDKROOT = iphoneos;
				SWIFT_ACTIVE_COMPILATION_CONDITIONS = DEBUG;
				SWIFT_OPTIMIZATION_LEVEL = "-Onone";
			};
			name = Debug;
		};
		6D027E97230FAF7C00A9B412 /* Release */ = {
			isa = XCBuildConfiguration;
			buildSettings = {
				ALWAYS_SEARCH_USER_PATHS = NO;
				CLANG_ANALYZER_LOCALIZABILITY_NONLOCALIZED = YES;
				CLANG_ANALYZER_NONNULL = YES;
				CLANG_ANALYZER_NUMBER_OBJECT_CONVERSION = YES_AGGRESSIVE;
				CLANG_CXX_LANGUAGE_STANDARD = "gnu++14";
				CLANG_CXX_LIBRARY = "libc++";
				CLANG_ENABLE_MODULES = YES;
				CLANG_ENABLE_OBJC_ARC = YES;
				CLANG_ENABLE_OBJC_WEAK = YES;
				CLANG_WARN_BLOCK_CAPTURE_AUTORELEASING = YES;
				CLANG_WARN_BOOL_CONVERSION = YES;
				CLANG_WARN_COMMA = YES;
				CLANG_WARN_CONSTANT_CONVERSION = YES;
				CLANG_WARN_DEPRECATED_OBJC_IMPLEMENTATIONS = YES;
				CLANG_WARN_DIRECT_OBJC_ISA_USAGE = YES_ERROR;
				CLANG_WARN_DOCUMENTATION_COMMENTS = YES;
				CLANG_WARN_EMPTY_BODY = YES;
				CLANG_WARN_ENUM_CONVERSION = YES;
				CLANG_WARN_INFINITE_RECURSION = YES;
				CLANG_WARN_INT_CONVERSION = YES;
				CLANG_WARN_NON_LITERAL_NULL_CONVERSION = YES;
				CLANG_WARN_OBJC_IMPLICIT_RETAIN_SELF = YES;
				CLANG_WARN_OBJC_LITERAL_CONVERSION = YES;
				CLANG_WARN_OBJC_ROOT_CLASS = YES_ERROR;
				CLANG_WARN_RANGE_LOOP_ANALYSIS = YES;
				CLANG_WARN_STRICT_PROTOTYPES = YES;
				CLANG_WARN_SUSPICIOUS_MOVE = YES;
				CLANG_WARN_UNGUARDED_AVAILABILITY = YES_AGGRESSIVE;
				CLANG_WARN_UNREACHABLE_CODE = YES;
				CLANG_WARN__DUPLICATE_METHOD_MATCH = YES;
				CODE_SIGN_IDENTITY = "iPhone Developer";
				COPY_PHASE_STRIP = NO;
				DEBUG_INFORMATION_FORMAT = "dwarf-with-dsym";
				ENABLE_NS_ASSERTIONS = NO;
				ENABLE_STRICT_OBJC_MSGSEND = YES;
				GCC_C_LANGUAGE_STANDARD = gnu11;
				GCC_NO_COMMON_BLOCKS = YES;
				GCC_WARN_64_TO_32_BIT_CONVERSION = YES;
				GCC_WARN_ABOUT_RETURN_TYPE = YES_ERROR;
				GCC_WARN_UNDECLARED_SELECTOR = YES;
				GCC_WARN_UNINITIALIZED_AUTOS = YES_AGGRESSIVE;
				GCC_WARN_UNUSED_FUNCTION = YES;
				GCC_WARN_UNUSED_VARIABLE = YES;
				IPHONEOS_DEPLOYMENT_TARGET = 12.1;
				MTL_ENABLE_DEBUG_INFO = NO;
				MTL_FAST_MATH = YES;
				SDKROOT = iphoneos;
				SWIFT_COMPILATION_MODE = wholemodule;
				SWIFT_OPTIMIZATION_LEVEL = "-O";
				VALIDATE_PRODUCT = YES;
			};
			name = Release;
		};
		6D027E99230FAF7C00A9B412 /* Debug */ = {
			isa = XCBuildConfiguration;
			buildSettings = {
				ASSETCATALOG_COMPILER_APPICON_NAME = AppIcon;
				CODE_SIGN_STYLE = Automatic;
				DEVELOPMENT_TEAM = 9WFT49JH7V;
				INFOPLIST_FILE = "jr-ios/Info.plist";
				LD_RUNPATH_SEARCH_PATHS = (
					"$(inherited)",
					"@executable_path/Frameworks",
				);
				PRODUCT_BUNDLE_IDENTIFIER = "com.jr-ios";
				PRODUCT_NAME = "$(TARGET_NAME)";
				SWIFT_VERSION = 5.0;
				TARGETED_DEVICE_FAMILY = "1,2";
			};
			name = Debug;
		};
		6D027E9A230FAF7C00A9B412 /* Release */ = {
			isa = XCBuildConfiguration;
			buildSettings = {
				ASSETCATALOG_COMPILER_APPICON_NAME = AppIcon;
				CODE_SIGN_STYLE = Automatic;
				DEVELOPMENT_TEAM = 9WFT49JH7V;
				INFOPLIST_FILE = "jr-ios/Info.plist";
				LD_RUNPATH_SEARCH_PATHS = (
					"$(inherited)",
					"@executable_path/Frameworks",
				);
				PRODUCT_BUNDLE_IDENTIFIER = "com.jr-ios";
				PRODUCT_NAME = "$(TARGET_NAME)";
				SWIFT_VERSION = 5.0;
				TARGETED_DEVICE_FAMILY = "1,2";
			};
			name = Release;
		};
		6D027E9C230FAF7C00A9B412 /* Debug */ = {
			isa = XCBuildConfiguration;
			buildSettings = {
				ALWAYS_EMBED_SWIFT_STANDARD_LIBRARIES = YES;
				BUNDLE_LOADER = "$(TEST_HOST)";
				CODE_SIGN_STYLE = Automatic;
				INFOPLIST_FILE = "jr-iosTests/Info.plist";
				LD_RUNPATH_SEARCH_PATHS = (
					"$(inherited)",
					"@executable_path/Frameworks",
					"@loader_path/Frameworks",
				);
				PRODUCT_BUNDLE_IDENTIFIER = "com.jr-iosTests";
				PRODUCT_NAME = "$(TARGET_NAME)";
				SWIFT_VERSION = 5.0;
				TARGETED_DEVICE_FAMILY = "1,2";
				TEST_HOST = "$(BUILT_PRODUCTS_DIR)/jr-ios.app/jr-ios";
			};
			name = Debug;
		};
		6D027E9D230FAF7C00A9B412 /* Release */ = {
			isa = XCBuildConfiguration;
			buildSettings = {
				ALWAYS_EMBED_SWIFT_STANDARD_LIBRARIES = YES;
				BUNDLE_LOADER = "$(TEST_HOST)";
				CODE_SIGN_STYLE = Automatic;
				INFOPLIST_FILE = "jr-iosTests/Info.plist";
				LD_RUNPATH_SEARCH_PATHS = (
					"$(inherited)",
					"@executable_path/Frameworks",
					"@loader_path/Frameworks",
				);
				PRODUCT_BUNDLE_IDENTIFIER = "com.jr-iosTests";
				PRODUCT_NAME = "$(TARGET_NAME)";
				SWIFT_VERSION = 5.0;
				TARGETED_DEVICE_FAMILY = "1,2";
				TEST_HOST = "$(BUILT_PRODUCTS_DIR)/jr-ios.app/jr-ios";
			};
			name = Release;
		};
		6D027E9F230FAF7C00A9B412 /* Debug */ = {
			isa = XCBuildConfiguration;
			buildSettings = {
				ALWAYS_EMBED_SWIFT_STANDARD_LIBRARIES = YES;
				CODE_SIGN_STYLE = Automatic;
				INFOPLIST_FILE = "jr-iosUITests/Info.plist";
				LD_RUNPATH_SEARCH_PATHS = (
					"$(inherited)",
					"@executable_path/Frameworks",
					"@loader_path/Frameworks",
				);
				PRODUCT_BUNDLE_IDENTIFIER = "com.jr-iosUITests";
				PRODUCT_NAME = "$(TARGET_NAME)";
				SWIFT_VERSION = 5.0;
				TARGETED_DEVICE_FAMILY = "1,2";
				TEST_TARGET_NAME = "jr-ios";
			};
			name = Debug;
		};
		6D027EA0230FAF7C00A9B412 /* Release */ = {
			isa = XCBuildConfiguration;
			buildSettings = {
				ALWAYS_EMBED_SWIFT_STANDARD_LIBRARIES = YES;
				CODE_SIGN_STYLE = Automatic;
				INFOPLIST_FILE = "jr-iosUITests/Info.plist";
				LD_RUNPATH_SEARCH_PATHS = (
					"$(inherited)",
					"@executable_path/Frameworks",
					"@loader_path/Frameworks",
				);
				PRODUCT_BUNDLE_IDENTIFIER = "com.jr-iosUITests";
				PRODUCT_NAME = "$(TARGET_NAME)";
				SWIFT_VERSION = 5.0;
				TARGETED_DEVICE_FAMILY = "1,2";
				TEST_TARGET_NAME = "jr-ios";
			};
			name = Release;
		};
/* End XCBuildConfiguration section */

/* Begin XCConfigurationList section */
		6D027E6B230FAF7B00A9B412 /* Build configuration list for PBXProject "jr-ios" */ = {
			isa = XCConfigurationList;
			buildConfigurations = (
				6D027E96230FAF7C00A9B412 /* Debug */,
				6D027E97230FAF7C00A9B412 /* Release */,
			);
			defaultConfigurationIsVisible = 0;
			defaultConfigurationName = Release;
		};
		6D027E98230FAF7C00A9B412 /* Build configuration list for PBXNativeTarget "jr-ios" */ = {
			isa = XCConfigurationList;
			buildConfigurations = (
				6D027E99230FAF7C00A9B412 /* Debug */,
				6D027E9A230FAF7C00A9B412 /* Release */,
			);
			defaultConfigurationIsVisible = 0;
			defaultConfigurationName = Release;
		};
		6D027E9B230FAF7C00A9B412 /* Build configuration list for PBXNativeTarget "jr-iosTests" */ = {
			isa = XCConfigurationList;
			buildConfigurations = (
				6D027E9C230FAF7C00A9B412 /* Debug */,
				6D027E9D230FAF7C00A9B412 /* Release */,
			);
			defaultConfigurationIsVisible = 0;
			defaultConfigurationName = Release;
		};
		6D027E9E230FAF7C00A9B412 /* Build configuration list for PBXNativeTarget "jr-iosUITests" */ = {
			isa = XCConfigurationList;
			buildConfigurations = (
				6D027E9F230FAF7C00A9B412 /* Debug */,
				6D027EA0230FAF7C00A9B412 /* Release */,
			);
			defaultConfigurationIsVisible = 0;
			defaultConfigurationName = Release;
		};
/* End XCConfigurationList section */
	};
	rootObject = 6D027E68230FAF7B00A9B412 /* Project object */;
}
